
<Scheme version="1.3" LastUpgradeVersion="1000">
    <BuildAction buildImplicitDependencies="YES" parallelizeBuildables="YES">
        <BuildActionEntries>
            <BuildActionEntry buildForTesting="YES" buildForAnalyzing="YES" buildForArchiving="YES" buildForRunning="YES" buildForProfiling="YES">
                <BuildableReference BuildableName="lib_idx_validated_graph_config_calculator_base_calculator_context_calculator_context_manager_calculator_contract_calculator_registry_util_calculator_state_callback_packet_calculator_cl_etc_7C1AD98D_ios_min10.0.a" BlueprintName="_idx_validated_graph_config_calculator_base_calculator_context_calculator_context_manager_calculator_contract_calculator_registry_util_calculator_state_callback_packet_calculator_cl_etc_7C1AD98D_ios_min10.0" BlueprintIdentifier="B7E28F805CD9973E00000000" BuildableIdentifier="primary" ReferencedContainer="container:Mediapipe.xcodeproj"></BuildableReference>
            </BuildActionEntry>
            <BuildActionEntry buildForAnalyzing="YES" buildForTesting="YES" buildForRunning="YES" buildForProfiling="YES" buildForArchiving="YES">
                <BuildableReference BlueprintIdentifier="B7E28F805CD9973E00000000" BuildableIdentifier="primary" BuildableName="lib_idx_validated_graph_config_calculator_base_calculator_context_calculator_context_manager_calculator_contract_calculator_registry_util_calculator_state_callback_packet_calculator_cl_etc_7C1AD98D_ios_min10.0.a" ReferencedContainer="container:Mediapipe.xcodeproj" BlueprintName="_idx_validated_graph_config_calculator_base_calculator_context_calculator_context_manager_calculator_contract_calculator_registry_util_calculator_state_callback_packet_calculator_cl_etc_7C1AD98D_ios_min10.0"></BuildableReference>
            </BuildActionEntry>
            <BuildActionEntry buildForAnalyzing="YES" buildForRunning="YES" buildForArchiving="YES" buildForProfiling="YES" buildForTesting="YES">
                <BuildableReference BuildableName="lib_idx_shader_util_gl_quad_renderer_gpu_buffer_format_84BF7823_ios_min10.0.a" BlueprintName="_idx_shader_util_gl_quad_renderer_gpu_buffer_format_84BF7823_ios_min10.0" ReferencedContainer="container:Mediapipe.xcodeproj" BlueprintIdentifier="B7E28F80BB46C4E200000000" BuildableIdentifier="primary"></BuildableReference>
            </BuildActionEntry>
            <BuildActionEntry buildForAnalyzing="YES" buildForTesting="YES" buildForProfiling="YES" buildForRunning="YES" buildForArchiving="YES">
                <BuildableReference BlueprintName="_idx_validated_graph_config_calculator_base_calculator_context_calculator_context_manager_calculator_contract_calculator_registry_util_calculator_state_callback_packet_calculator_cl_etc_7C1AD98D_ios_min10.0" ReferencedContainer="container:Mediapipe.xcodeproj" BlueprintIdentifier="B7E28F805CD9973E00000000" BuildableName="lib_idx_validated_graph_config_calculator_base_calculator_context_calculator_context_manager_calculator_contract_calculator_registry_util_calculator_state_callback_packet_calculator_cl_etc_7C1AD98D_ios_min10.0.a" BuildableIdentifier="primary"></BuildableReference>
            </BuildActionEntry>
            <BuildActionEntry buildForAnalyzing="YES" buildForArchiving="YES" buildForTesting="YES" buildForRunning="YES" buildForProfiling="YES">
                <BuildableReference BlueprintIdentifier="B7E28F805CD9973E00000000" ReferencedContainer="container:Mediapipe.xcodeproj" BuildableName="lib_idx_validated_graph_config_calculator_base_calculator_context_calculator_context_manager_calculator_contract_calculator_registry_util_calculator_state_callback_packet_calculator_cl_etc_7C1AD98D_ios_min10.0.a" BlueprintName="_idx_validated_graph_config_calculator_base_calculator_context_calculator_context_manager_calculator_contract_calculator_registry_util_calculator_state_callback_packet_calculator_cl_etc_7C1AD98D_ios_min10.0" BuildableIdentifier="primary"></BuildableReference>
            </BuildActionEntry>
            <BuildActionEntry buildForProfiling="YES" buildForArchiving="YES" buildForTesting="YES" buildForAnalyzing="YES" buildForRunning="YES">
                <BuildableReference BuildableIdentifier="primary" BlueprintIdentifier="B7E28F80A696441800000000" BuildableName="lib_idx_profiler_resource_util_9FE97AC4_ios_min10.0.a" ReferencedContainer="container:Mediapipe.xcodeproj" BlueprintName="_idx_profiler_resource_util_9FE97AC4_ios_min10.0"></BuildableReference>
            </BuildActionEntry>
            <BuildActionEntry buildForTesting="YES" buildForAnalyzing="YES" buildForRunning="YES" buildForProfiling="YES" buildForArchiving="YES">
                <BuildableReference BuildableName="lib_idx_mediapipe_layer_renderer_gl_calculator_helper_ios_mediapipe_framework_ios_mediapipe_gl_view_renderer_DFF84B5D_ios_min10.0.a" BlueprintName="_idx_mediapipe_layer_renderer_gl_calculator_helper_ios_mediapipe_framework_ios_mediapipe_gl_view_renderer_DFF84B5D_ios_min10.0" ReferencedContainer="container:Mediapipe.xcodeproj" BuildableIdentifier="primary" BlueprintIdentifier="B7E28F8053810A2200000000"></BuildableReference>
            </BuildActionEntry>
            <BuildActionEntry buildForTesting="YES" buildForRunning="YES" buildForProfiling="YES" buildForAnalyzing="YES" buildForArchiving="YES">
                <BuildableReference BuildableName="lib_idx_validated_graph_config_calculator_base_calculator_context_calculator_context_manager_calculator_contract_calculator_registry_util_calculator_state_callback_packet_calculator_cl_etc_7C1AD98D_ios_min10.0.a" BuildableIdentifier="primary" BlueprintName="_idx_validated_graph_config_calculator_base_calculator_context_calculator_context_manager_calculator_contract_calculator_registry_util_calculator_state_callback_packet_calculator_cl_etc_7C1AD98D_ios_min10.0" ReferencedContainer="container:Mediapipe.xcodeproj" BlueprintIdentifier="B7E28F805CD9973E00000000"></BuildableReference>
            </BuildActionEntry>
            <BuildActionEntry buildForRunning="YES" buildForArchiving="YES" buildForAnalyzing="YES" buildForTesting="YES" buildForProfiling="YES">
                <BuildableReference BuildableName="lib_idx_mediapipe_layer_renderer_gl_calculator_helper_ios_mediapipe_framework_ios_mediapipe_gl_view_renderer_DFF84B5D_ios_min10.0.a" BuildableIdentifier="primary" BlueprintIdentifier="B7E28F8053810A2200000000" BlueprintName="_idx_mediapipe_layer_renderer_gl_calculator_helper_ios_mediapipe_framework_ios_mediapipe_gl_view_renderer_DFF84B5D_ios_min10.0" ReferencedContainer="container:Mediapipe.xcodeproj"></BuildableReference>
            </BuildActionEntry>
            <BuildActionEntry buildForProfiling="YES" buildForArchiving="YES" buildForRunning="YES" buildForAnalyzing="YES" buildForTesting="YES">
                <BuildableReference BlueprintIdentifier="B7E28F805CD9973E00000000" ReferencedContainer="container:Mediapipe.xcodeproj" BuildableIdentifier="primary" BuildableName="lib_idx_validated_graph_config_calculator_base_calculator_context_calculator_context_manager_calculator_contract_calculator_registry_util_calculator_state_callback_packet_calculator_cl_etc_7C1AD98D_ios_min10.0.a" BlueprintName="_idx_validated_graph_config_calculator_base_calculator_context_calculator_context_manager_calculator_contract_calculator_registry_util_calculator_state_callback_packet_calculator_cl_etc_7C1AD98D_ios_min10.0"></BuildableReference>
            </BuildActionEntry>
            <BuildActionEntry buildForTesting="YES" buildForArchiving="YES" buildForAnalyzing="YES" buildForRunning="YES" buildForProfiling="YES">
                <BuildableReference ReferencedContainer="container:Mediapipe.xcodeproj" BuildableName="lib_idx_pixel_buffer_pool_util_11B1CF81_ios_min10.0.a" BlueprintName="_idx_pixel_buffer_pool_util_11B1CF81_ios_min10.0" BuildableIdentifier="primary" BlueprintIdentifier="B7E28F8056F7330600000000"></BuildableReference>
            </BuildActionEntry>
            <BuildActionEntry buildForRunning="YES" buildForAnalyzing="YES" buildForArchiving="YES" buildForTesting="YES" buildForProfiling="YES">
                <BuildableReference ReferencedContainer="container:Mediapipe.xcodeproj" BuildableName="lib_idx_shader_util_gl_quad_renderer_gpu_buffer_format_84BF7823_ios_min10.0.a" BuildableIdentifier="primary" BlueprintName="_idx_shader_util_gl_quad_renderer_gpu_buffer_format_84BF7823_ios_min10.0" BlueprintIdentifier="B7E28F80BB46C4E200000000"></BuildableReference>
            </BuildActionEntry>
            <BuildActionEntry buildForRunning="YES" buildForAnalyzing="YES" buildForTesting="YES" buildForProfiling="YES" buildForArchiving="YES">
                <BuildableReference ReferencedContainer="container:Mediapipe.xcodeproj" BuildableIdentifier="primary" BuildableName="lib_idx_validated_graph_config_calculator_base_calculator_context_calculator_context_manager_calculator_contract_calculator_registry_util_calculator_state_callback_packet_calculator_cl_etc_7C1AD98D_ios_min10.0.a" BlueprintIdentifier="B7E28F805CD9973E00000000" BlueprintName="_idx_validated_graph_config_calculator_base_calculator_context_calculator_context_manager_calculator_contract_calculator_registry_util_calculator_state_callback_packet_calculator_cl_etc_7C1AD98D_ios_min10.0"></BuildableReference>
            </BuildActionEntry>
            <BuildActionEntry buildForRunning="YES" buildForAnalyzing="YES" buildForArchiving="YES" buildForTesting="YES" buildForProfiling="YES">
                <BuildableReference BlueprintIdentifier="B7E28F80BB46C4E200000000" ReferencedContainer="container:Mediapipe.xcodeproj" BlueprintName="_idx_shader_util_gl_quad_renderer_gpu_buffer_format_84BF7823_ios_min10.0" BuildableName="lib_idx_shader_util_gl_quad_renderer_gpu_buffer_format_84BF7823_ios_min10.0.a" BuildableIdentifier="primary"></BuildableReference>
            </BuildActionEntry>
            <BuildActionEntry buildForRunning="YES" buildForTesting="YES" buildForArchiving="YES" buildForProfiling="YES" buildForAnalyzing="YES">
                <BuildableReference BlueprintIdentifier="B7E28F80E0F3415E00000000" BuildableName="lib_idx_gl_context_C983A10F_ios_min10.0.a" BuildableIdentifier="primary" BlueprintName="_idx_gl_context_C983A10F_ios_min10.0" ReferencedContainer="container:Mediapipe.xcodeproj"></BuildableReference>
            </BuildActionEntry>
            <BuildActionEntry buildForTesting="YES" buildForRunning="YES" buildForArchiving="YES" buildForProfiling="YES" buildForAnalyzing="YES">
                <BuildableReference BuildableName="lib_idx_validated_graph_config_calculator_base_calculator_context_calculator_context_manager_calculator_contract_calculator_registry_util_calculator_state_callback_packet_calculator_cl_etc_7C1AD98D_ios_min10.0.a" ReferencedContainer="container:Mediapipe.xcodeproj" BlueprintIdentifier="B7E28F805CD9973E00000000" BlueprintName="_idx_validated_graph_config_calculator_base_calculator_context_calculator_context_manager_calculator_contract_calculator_registry_util_calculator_state_callback_packet_calculator_cl_etc_7C1AD98D_ios_min10.0" BuildableIdentifier="primary"></BuildableReference>
            </BuildActionEntry>
            <BuildActionEntry buildForProfiling="YES" buildForAnalyzing="YES" buildForRunning="YES" buildForArchiving="YES" buildForTesting="YES">
                <BuildableReference BlueprintIdentifier="B7E28F805CD9973E00000000" BuildableIdentifier="primary" BlueprintName="_idx_validated_graph_config_calculator_base_calculator_context_calculator_context_manager_calculator_contract_calculator_registry_util_calculator_state_callback_packet_calculator_cl_etc_7C1AD98D_ios_min10.0" ReferencedContainer="container:Mediapipe.xcodeproj" BuildableName="lib_idx_validated_graph_config_calculator_base_calculator_context_calculator_context_manager_calculator_contract_calculator_registry_util_calculator_state_callback_packet_calculator_cl_etc_7C1AD98D_ios_min10.0.a"></BuildableReference>
            </BuildActionEntry>
            <BuildActionEntry buildForArchiving="YES" buildForTesting="YES" buildForRunning="YES" buildForProfiling="YES" buildForAnalyzing="YES">
                <BuildableReference BlueprintIdentifier="B7E28F805CD9973E00000000" BuildableName="lib_idx_validated_graph_config_calculator_base_calculator_context_calculator_context_manager_calculator_contract_calculator_registry_util_calculator_state_callback_packet_calculator_cl_etc_7C1AD98D_ios_min10.0.a" BlueprintName="_idx_validated_graph_config_calculator_base_calculator_context_calculator_context_manager_calculator_contract_calculator_registry_util_calculator_state_callback_packet_calculator_cl_etc_7C1AD98D_ios_min10.0" BuildableIdentifier="primary" ReferencedContainer="container:Mediapipe.xcodeproj"></BuildableReference>
            </BuildActionEntry>
            <BuildActionEntry buildForRunning="YES" buildForProfiling="YES" buildForTesting="YES" buildForAnalyzing="YES" buildForArchiving="YES">
                <BuildableReference BlueprintIdentifier="B7E28F805CD9973E00000000" BuildableName="lib_idx_validated_graph_config_calculator_base_calculator_context_calculator_context_manager_calculator_contract_calculator_registry_util_calculator_state_callback_packet_calculator_cl_etc_7C1AD98D_ios_min10.0.a" ReferencedContainer="container:Mediapipe.xcodeproj" BuildableIdentifier="primary" BlueprintName="_idx_validated_graph_config_calculator_base_calculator_context_calculator_context_manager_calculator_contract_calculator_registry_util_calculator_state_callback_packet_calculator_cl_etc_7C1AD98D_ios_min10.0"></BuildableReference>
            </BuildActionEntry>
            <BuildActionEntry buildForTesting="YES" buildForAnalyzing="YES" buildForProfiling="YES" buildForRunning="YES" buildForArchiving="YES">
                <BuildableReference BuildableIdentifier="primary" BlueprintIdentifier="B7E28F80947DCA2000000000" ReferencedContainer="container:Mediapipe.xcodeproj" BlueprintName="_idx_output_stream_manager_calculator_node_default_input_stream_handler_graph_output_stream_in_order_output_stream_handler_input_stream_handler_output_stream_handler_997A2E1C_ios_min10.0" BuildableName="lib_idx_output_stream_manager_calculator_node_default_input_stream_handler_graph_output_stream_in_order_output_stream_handler_input_stream_handler_output_stream_handler_997A2E1C_ios_min10.0.a"></BuildableReference>
            </BuildActionEntry>
            <BuildActionEntry buildForRunning="YES" buildForProfiling="YES" buildForArchiving="YES" buildForAnalyzing="YES" buildForTesting="YES">
                <BuildableReference BuildableIdentifier="primary" BlueprintIdentifier="B7E28F805CD9973E00000000" ReferencedContainer="container:Mediapipe.xcodeproj" BuildableName="lib_idx_validated_graph_config_calculator_base_calculator_context_calculator_context_manager_calculator_contract_calculator_registry_util_calculator_state_callback_packet_calculator_cl_etc_7C1AD98D_ios_min10.0.a" BlueprintName="_idx_validated_graph_config_calculator_base_calculator_context_calculator_context_manager_calculator_contract_calculator_registry_util_calculator_state_callback_packet_calculator_cl_etc_7C1AD98D_ios_min10.0"></BuildableReference>
            </BuildActionEntry>
            <BuildActionEntry buildForProfiling="YES" buildForArchiving="YES" buildForTesting="YES" buildForRunning="YES" buildForAnalyzing="YES">
                <BuildableReference BlueprintIdentifier="B7E28F805CD9973E00000000" BlueprintName="_idx_validated_graph_config_calculator_base_calculator_context_calculator_context_manager_calculator_contract_calculator_registry_util_calculator_state_callback_packet_calculator_cl_etc_7C1AD98D_ios_min10.0" BuildableName="lib_idx_validated_graph_config_calculator_base_calculator_context_calculator_context_manager_calculator_contract_calculator_registry_util_calculator_state_callback_packet_calculator_cl_etc_7C1AD98D_ios_min10.0.a" ReferencedContainer="container:Mediapipe.xcodeproj" BuildableIdentifier="primary"></BuildableReference>
            </BuildActionEntry>
            <BuildActionEntry buildForRunning="YES" buildForAnalyzing="YES" buildForProfiling="YES" buildForArchiving="YES" buildForTesting="YES">
                <BuildableReference BlueprintName="_idx_validated_graph_config_calculator_base_calculator_context_calculator_context_manager_calculator_contract_calculator_registry_util_calculator_state_callback_packet_calculator_cl_etc_7C1AD98D_ios_min10.0" ReferencedContainer="container:Mediapipe.xcodeproj" BuildableIdentifier="primary" BlueprintIdentifier="B7E28F805CD9973E00000000" BuildableName="lib_idx_validated_graph_config_calculator_base_calculator_context_calculator_context_manager_calculator_contract_calculator_registry_util_calculator_state_callback_packet_calculator_cl_etc_7C1AD98D_ios_min10.0.a"></BuildableReference>
            </BuildActionEntry>
            <BuildActionEntry buildForTesting="YES" buildForProfiling="YES" buildForRunning="YES" buildForArchiving="YES" buildForAnalyzing="YES">
                <BuildableReference BuildableName="lib_idx_registration_token_gpu_service_20AEE6FB_ios_min10.0.a" BlueprintName="_idx_registration_token_gpu_service_20AEE6FB_ios_min10.0" ReferencedContainer="container:Mediapipe.xcodeproj" BlueprintIdentifier="B7E28F80079A3DD400000000" BuildableIdentifier="primary"></BuildableReference>
            </BuildActionEntry>
            <BuildActionEntry buildForTesting="YES" buildForProfiling="YES" buildForArchiving="YES" buildForRunning="YES" buildForAnalyzing="YES">
                <BuildableReference BlueprintName="_idx_output_stream_manager_calculator_node_default_input_stream_handler_graph_output_stream_in_order_output_stream_handler_input_stream_handler_output_stream_handler_997A2E1C_ios_min10.0" BlueprintIdentifier="B7E28F80947DCA2000000000" BuildableName="lib_idx_output_stream_manager_calculator_node_default_input_stream_handler_graph_output_stream_in_order_output_stream_handler_input_stream_handler_output_stream_handler_997A2E1C_ios_min10.0.a" ReferencedContainer="container:Mediapipe.xcodeproj" BuildableIdentifier="primary"></BuildableReference>
            </BuildActionEntry>
            <BuildActionEntry buildForProfiling="YES" buildForArchiving="YES" buildForTesting="YES" buildForAnalyzing="YES" buildForRunning="YES">
                <BuildableReference BlueprintIdentifier="B7E28F80079A3DD400000000" ReferencedContainer="container:Mediapipe.xcodeproj" BuildableName="lib_idx_registration_token_gpu_service_20AEE6FB_ios_min10.0.a" BuildableIdentifier="primary" BlueprintName="_idx_registration_token_gpu_service_20AEE6FB_ios_min10.0"></BuildableReference>
            </BuildActionEntry>
            <BuildActionEntry buildForTesting="YES" buildForProfiling="YES" buildForArchiving="YES" buildForRunning="YES" buildForAnalyzing="YES">
                <BuildableReference BuildableName="lib_idx_validated_graph_config_calculator_base_calculator_context_calculator_context_manager_calculator_contract_calculator_registry_util_calculator_state_callback_packet_calculator_cl_etc_7C1AD98D_ios_min10.0.a" BlueprintName="_idx_validated_graph_config_calculator_base_calculator_context_calculator_context_manager_calculator_contract_calculator_registry_util_calculator_state_callback_packet_calculator_cl_etc_7C1AD98D_ios_min10.0" BuildableIdentifier="primary" BlueprintIdentifier="B7E28F805CD9973E00000000" ReferencedContainer="container:Mediapipe.xcodeproj"></BuildableReference>
            </BuildActionEntry>
            <BuildActionEntry buildForTesting="YES" buildForAnalyzing="YES" buildForRunning="YES" buildForProfiling="YES" buildForArchiving="YES">
                <BuildableReference BlueprintIdentifier="B7E28F80079A3DD400000000" BuildableName="lib_idx_registration_token_gpu_service_20AEE6FB_ios_min10.0.a" BlueprintName="_idx_registration_token_gpu_service_20AEE6FB_ios_min10.0" BuildableIdentifier="primary" ReferencedContainer="container:Mediapipe.xcodeproj"></BuildableReference>
            </BuildActionEntry>
            <BuildActionEntry buildForRunning="YES" buildForArchiving="YES" buildForProfiling="YES" buildForAnalyzing="YES" buildForTesting="YES">
                <BuildableReference BuildableName="lib_idx_MPPGraphGPUData_6980D839_ios_min10.0.a" BlueprintIdentifier="B7E28F80348F8CFC00000000" BuildableIdentifier="primary" ReferencedContainer="container:Mediapipe.xcodeproj" BlueprintName="_idx_MPPGraphGPUData_6980D839_ios_min10.0"></BuildableReference>
            </BuildActionEntry>
            <BuildActionEntry buildForAnalyzing="YES" buildForTesting="YES" buildForRunning="YES" buildForProfiling="YES" buildForArchiving="YES">
                <BuildableReference BuildableName="lib_idx_validated_graph_config_calculator_base_calculator_context_calculator_context_manager_calculator_contract_calculator_registry_util_calculator_state_callback_packet_calculator_cl_etc_7C1AD98D_ios_min10.0.a" BlueprintName="_idx_validated_graph_config_calculator_base_calculator_context_calculator_context_manager_calculator_contract_calculator_registry_util_calculator_state_callback_packet_calculator_cl_etc_7C1AD98D_ios_min10.0" ReferencedContainer="container:Mediapipe.xcodeproj" BuildableIdentifier="primary" BlueprintIdentifier="B7E28F805CD9973E00000000"></BuildableReference>
            </BuildActionEntry>
            <BuildActionEntry buildForRunning="YES" buildForArchiving="YES" buildForAnalyzing="YES" buildForTesting="YES" buildForProfiling="YES">
                <BuildableReference BlueprintIdentifier="B7E28F8021397EF600000000" BuildableIdentifier="primary" BlueprintName="_idx_gl_simple_shaders_9BE47DE4_ios_min10.0" ReferencedContainer="container:Mediapipe.xcodeproj" BuildableName="lib_idx_gl_simple_shaders_9BE47DE4_ios_min10.0.a"></BuildableReference>
            </BuildActionEntry>
            <BuildActionEntry buildForProfiling="YES" buildForRunning="YES" buildForArchiving="YES" buildForAnalyzing="YES" buildForTesting="YES">
                <BuildableReference BlueprintName="_idx_output_stream_manager_calculator_node_default_input_stream_handler_graph_output_stream_in_order_output_stream_handler_input_stream_handler_output_stream_handler_997A2E1C_ios_min10.0" BlueprintIdentifier="B7E28F80947DCA2000000000" BuildableName="lib_idx_output_stream_manager_calculator_node_default_input_stream_handler_graph_output_stream_in_order_output_stream_handler_input_stream_handler_output_stream_handler_997A2E1C_ios_min10.0.a" ReferencedContainer="container:Mediapipe.xcodeproj" BuildableIdentifier="primary"></BuildableReference>
            </BuildActionEntry>
            <BuildActionEntry buildForProfiling="YES" buildForArchiving="YES" buildForRunning="YES" buildForAnalyzing="YES" buildForTesting="YES">
                <BuildableReference BlueprintIdentifier="B7E28F805CD9973E00000000" BuildableIdentifier="primary" BuildableName="lib_idx_validated_graph_config_calculator_base_calculator_context_calculator_context_manager_calculator_contract_calculator_registry_util_calculator_state_callback_packet_calculator_cl_etc_7C1AD98D_ios_min10.0.a" BlueprintName="_idx_validated_graph_config_calculator_base_calculator_context_calculator_context_manager_calculator_contract_calculator_registry_util_calculator_state_callback_packet_calculator_cl_etc_7C1AD98D_ios_min10.0" ReferencedContainer="container:Mediapipe.xcodeproj"></BuildableReference>
            </BuildActionEntry>
            <BuildActionEntry buildForRunning="YES" buildForArchiving="YES" buildForProfiling="YES" buildForAnalyzing="YES" buildForTesting="YES">
                <BuildableReference BlueprintName="_idx_validated_graph_config_calculator_base_calculator_context_calculator_context_manager_calculator_contract_calculator_registry_util_calculator_state_callback_packet_calculator_cl_etc_7C1AD98D_ios_min10.0" BuildableIdentifier="primary" BlueprintIdentifier="B7E28F805CD9973E00000000" BuildableName="lib_idx_validated_graph_config_calculator_base_calculator_context_calculator_context_manager_calculator_contract_calculator_registry_util_calculator_state_callback_packet_calculator_cl_etc_7C1AD98D_ios_min10.0.a" ReferencedContainer="container:Mediapipe.xcodeproj"></BuildableReference>
            </BuildActionEntry>
            <BuildActionEntry buildForTesting="YES" buildForAnalyzing="YES" buildForRunning="YES" buildForProfiling="YES" buildForArchiving="YES">
                <BuildableReference ReferencedContainer="container:Mediapipe.xcodeproj" BuildableIdentifier="primary" BlueprintName="_idx_validated_graph_config_calculator_base_calculator_context_calculator_context_manager_calculator_contract_calculator_registry_util_calculator_state_callback_packet_calculator_cl_etc_7C1AD98D_ios_min10.0" BlueprintIdentifier="B7E28F805CD9973E00000000" BuildableName="lib_idx_validated_graph_config_calculator_base_calculator_context_calculator_context_manager_calculator_contract_calculator_registry_util_calculator_state_callback_packet_calculator_cl_etc_7C1AD98D_ios_min10.0.a"></BuildableReference>
            </BuildActionEntry>
            <BuildActionEntry buildForRunning="YES" buildForProfiling="YES" buildForArchiving="YES" buildForTesting="YES" buildForAnalyzing="YES">
                <BuildableReference BlueprintName="_idx_output_stream_manager_calculator_node_default_input_stream_handler_graph_output_stream_in_order_output_stream_handler_input_stream_handler_output_stream_handler_997A2E1C_ios_min10.0" BlueprintIdentifier="B7E28F80947DCA2000000000" ReferencedContainer="container:Mediapipe.xcodeproj" BuildableIdentifier="primary" BuildableName="lib_idx_output_stream_manager_calculator_node_default_input_stream_handler_graph_output_stream_in_order_output_stream_handler_input_stream_handler_output_stream_handler_997A2E1C_ios_min10.0.a"></BuildableReference>
            </BuildActionEntry>
            <BuildActionEntry buildForRunning="YES" buildForProfiling="YES" buildForArchiving="YES" buildForAnalyzing="YES" buildForTesting="YES">
                <BuildableReference BuildableName="lib_idx_validated_graph_config_calculator_base_calculator_context_calculator_context_manager_calculator_contract_calculator_registry_util_calculator_state_callback_packet_calculator_cl_etc_7C1AD98D_ios_min10.0.a" BlueprintName="_idx_validated_graph_config_calculator_base_calculator_context_calculator_context_manager_calculator_contract_calculator_registry_util_calculator_state_callback_packet_calculator_cl_etc_7C1AD98D_ios_min10.0" ReferencedContainer="container:Mediapipe.xcodeproj" BuildableIdentifier="primary" BlueprintIdentifier="B7E28F805CD9973E00000000"></BuildableReference>
            </BuildActionEntry>
            <BuildActionEntry buildForRunning="YES" buildForAnalyzing="YES" buildForProfiling="YES" buildForTesting="YES" buildForArchiving="YES">
                <BuildableReference BlueprintIdentifier="B7E28F805CD9973E00000000" BuildableName="lib_idx_validated_graph_config_calculator_base_calculator_context_calculator_context_manager_calculator_contract_calculator_registry_util_calculator_state_callback_packet_calculator_cl_etc_7C1AD98D_ios_min10.0.a" ReferencedContainer="container:Mediapipe.xcodeproj" BuildableIdentifier="primary" BlueprintName="_idx_validated_graph_config_calculator_base_calculator_context_calculator_context_manager_calculator_contract_calculator_registry_util_calculator_state_callback_packet_calculator_cl_etc_7C1AD98D_ios_min10.0"></BuildableReference>
            </BuildActionEntry>
            <BuildActionEntry buildForProfiling="YES" buildForArchiving="YES" buildForTesting="YES" buildForRunning="YES" buildForAnalyzing="YES">
                <BuildableReference BuildableIdentifier="primary" BlueprintName="_idx_sink_calculator_graph_gpu_buffer_multi_pool_D5C77C6B_ios_min10.0" ReferencedContainer="container:Mediapipe.xcodeproj" BuildableName="lib_idx_sink_calculator_graph_gpu_buffer_multi_pool_D5C77C6B_ios_min10.0.a" BlueprintIdentifier="B7E28F803E12974600000000"></BuildableReference>
            </BuildActionEntry>
            <BuildActionEntry buildForTesting="YES" buildForRunning="YES" buildForAnalyzing="YES" buildForArchiving="YES" buildForProfiling="YES">
                <BuildableReference BuildableIdentifier="primary" BlueprintIdentifier="B7E28F805CD9973E00000000" BuildableName="lib_idx_validated_graph_config_calculator_base_calculator_context_calculator_context_manager_calculator_contract_calculator_registry_util_calculator_state_callback_packet_calculator_cl_etc_7C1AD98D_ios_min10.0.a" BlueprintName="_idx_validated_graph_config_calculator_base_calculator_context_calculator_context_manager_calculator_contract_calculator_registry_util_calculator_state_callback_packet_calculator_cl_etc_7C1AD98D_ios_min10.0" ReferencedContainer="container:Mediapipe.xcodeproj"></BuildableReference>
            </BuildActionEntry>
            <BuildActionEntry buildForProfiling="YES" buildForArchiving="YES" buildForTesting="YES" buildForAnalyzing="YES" buildForRunning="YES">
                <BuildableReference BuildableName="lib_idx_validated_graph_config_calculator_base_calculator_context_calculator_context_manager_calculator_contract_calculator_registry_util_calculator_state_callback_packet_calculator_cl_etc_7C1AD98D_ios_min10.0.a" BuildableIdentifier="primary" BlueprintIdentifier="B7E28F805CD9973E00000000" BlueprintName="_idx_validated_graph_config_calculator_base_calculator_context_calculator_context_manager_calculator_contract_calculator_registry_util_calculator_state_callback_packet_calculator_cl_etc_7C1AD98D_ios_min10.0" ReferencedContainer="container:Mediapipe.xcodeproj"></BuildableReference>
            </BuildActionEntry>
            <BuildActionEntry buildForTesting="YES" buildForArchiving="YES" buildForRunning="YES" buildForProfiling="YES" buildForAnalyzing="YES">
                <BuildableReference BuildableIdentifier="primary" BuildableName="lib_idx_validated_graph_config_calculator_base_calculator_context_calculator_context_manager_calculator_contract_calculator_registry_util_calculator_state_callback_packet_calculator_cl_etc_7C1AD98D_ios_min10.0.a" ReferencedContainer="container:Mediapipe.xcodeproj" BlueprintIdentifier="B7E28F805CD9973E00000000" BlueprintName="_idx_validated_graph_config_calculator_base_calculator_context_calculator_context_manager_calculator_contract_calculator_registry_util_calculator_state_callback_packet_calculator_cl_etc_7C1AD98D_ios_min10.0"></BuildableReference>
            </BuildActionEntry>
            <BuildActionEntry buildForTesting="YES" buildForAnalyzing="YES" buildForProfiling="YES" buildForRunning="YES" buildForArchiving="YES">
                <BuildableReference BlueprintName="_idx_validated_graph_config_calculator_base_calculator_context_calculator_context_manager_calculator_contract_calculator_registry_util_calculator_state_callback_packet_calculator_cl_etc_7C1AD98D_ios_min10.0" ReferencedContainer="container:Mediapipe.xcodeproj" BuildableIdentifier="primary" BuildableName="lib_idx_validated_graph_config_calculator_base_calculator_context_calculator_context_manager_calculator_contract_calculator_registry_util_calculator_state_callback_packet_calculator_cl_etc_7C1AD98D_ios_min10.0.a" BlueprintIdentifier="B7E28F805CD9973E00000000"></BuildableReference>
            </BuildActionEntry>
            <BuildActionEntry buildForAnalyzing="YES" buildForProfiling="YES" buildForRunning="YES" buildForTesting="YES" buildForArchiving="YES">
                <BuildableReference ReferencedContainer="container:Mediapipe.xcodeproj" BuildableIdentifier="primary" BlueprintIdentifier="B7E28F805CD9973E00000000" BuildableName="lib_idx_validated_graph_config_calculator_base_calculator_context_calculator_context_manager_calculator_contract_calculator_registry_util_calculator_state_callback_packet_calculator_cl_etc_7C1AD98D_ios_min10.0.a" BlueprintName="_idx_validated_graph_config_calculator_base_calculator_context_calculator_context_manager_calculator_contract_calculator_registry_util_calculator_state_callback_packet_calculator_cl_etc_7C1AD98D_ios_min10.0"></BuildableReference>
            </BuildActionEntry>
            <BuildActionEntry buildForProfiling="YES" buildForAnalyzing="YES" buildForRunning="YES" buildForArchiving="YES" buildForTesting="YES">
                <BuildableReference ReferencedContainer="container:Mediapipe.xcodeproj" BlueprintName="_idx_validated_graph_config_calculator_base_calculator_context_calculator_context_manager_calculator_contract_calculator_registry_util_calculator_state_callback_packet_calculator_cl_etc_7C1AD98D_ios_min10.0" BuildableIdentifier="primary" BuildableName="lib_idx_validated_graph_config_calculator_base_calculator_context_calculator_context_manager_calculator_contract_calculator_registry_util_calculator_state_callback_packet_calculator_cl_etc_7C1AD98D_ios_min10.0.a" BlueprintIdentifier="B7E28F805CD9973E00000000"></BuildableReference>
            </BuildActionEntry>
            <BuildActionEntry buildForProfiling="YES" buildForTesting="YES" buildForRunning="YES" buildForArchiving="YES" buildForAnalyzing="YES">
                <BuildableReference BuildableIdentifier="primary" BlueprintIdentifier="B7E28F8014AEDC1C00000000" BlueprintName="_idx_mediapipe_input_sources_ios_B5C92B5F_ios_min10.0" ReferencedContainer="container:Mediapipe.xcodeproj" BuildableName="lib_idx_mediapipe_input_sources_ios_B5C92B5F_ios_min10.0.a"></BuildableReference>
            </BuildActionEntry>
            <BuildActionEntry buildForRunning="YES" buildForTesting="YES" buildForAnalyzing="YES" buildForProfiling="YES" buildForArchiving="YES">
                <BuildableReference BuildableName="lib_idx_HandTrackingGpuAppLibrary_B42E32AE_ios_min10.0.a" BuildableIdentifier="primary" BlueprintName="_idx_HandTrackingGpuAppLibrary_B42E32AE_ios_min10.0" ReferencedContainer="container:Mediapipe.xcodeproj" BlueprintIdentifier="B7E28F80E948F46A00000000"></BuildableReference>
            </BuildActionEntry>
            <BuildActionEntry buildForAnalyzing="YES" buildForTesting="YES" buildForRunning="YES" buildForProfiling="YES" buildForArchiving="YES">
                <BuildableReference BuildableName="lib_idx_sink_calculator_graph_gpu_buffer_multi_pool_D5C77C6B_ios_min10.0.a" BlueprintName="_idx_sink_calculator_graph_gpu_buffer_multi_pool_D5C77C6B_ios_min10.0" ReferencedContainer="container:Mediapipe.xcodeproj" BlueprintIdentifier="B7E28F803E12974600000000" BuildableIdentifier="primary"></BuildableReference>
            </BuildActionEntry>
            <BuildActionEntry buildForRunning="YES" buildForAnalyzing="YES" buildForTesting="YES" buildForArchiving="YES" buildForProfiling="YES">
                <BuildableReference BlueprintName="_idx_output_stream_manager_calculator_node_default_input_stream_handler_graph_output_stream_in_order_output_stream_handler_input_stream_handler_output_stream_handler_997A2E1C_ios_min10.0" ReferencedContainer="container:Mediapipe.xcodeproj" BuildableIdentifier="primary" BlueprintIdentifier="B7E28F80947DCA2000000000" BuildableName="lib_idx_output_stream_manager_calculator_node_default_input_stream_handler_graph_output_stream_in_order_output_stream_handler_input_stream_handler_output_stream_handler_997A2E1C_ios_min10.0.a"></BuildableReference>
            </BuildActionEntry>
            <BuildActionEntry buildForRunning="YES" buildForAnalyzing="YES" buildForTesting="YES" buildForProfiling="YES" buildForArchiving="YES">
                <BuildableReference BlueprintIdentifier="B7E28F805CD9973E00000000" BlueprintName="_idx_validated_graph_config_calculator_base_calculator_context_calculator_context_manager_calculator_contract_calculator_registry_util_calculator_state_callback_packet_calculator_cl_etc_7C1AD98D_ios_min10.0" ReferencedContainer="container:Mediapipe.xcodeproj" BuildableIdentifier="primary" BuildableName="lib_idx_validated_graph_config_calculator_base_calculator_context_calculator_context_manager_calculator_contract_calculator_registry_util_calculator_state_callback_packet_calculator_cl_etc_7C1AD98D_ios_min10.0.a"></BuildableReference>
            </BuildActionEntry>
            <BuildActionEntry buildForRunning="YES" buildForTesting="YES" buildForProfiling="YES" buildForAnalyzing="YES" buildForArchiving="YES">
                <BuildableReference BlueprintIdentifier="B7E28F80A86909CA00000000" ReferencedContainer="container:Mediapipe.xcodeproj" BuildableName="lib_idx_scheduler_queue_00D9FD43_ios_min10.0.a" BuildableIdentifier="primary" BlueprintName="_idx_scheduler_queue_00D9FD43_ios_min10.0"></BuildableReference>
            </BuildActionEntry>
            <BuildActionEntry buildForAnalyzing="YES" buildForTesting="YES" buildForProfiling="YES" buildForArchiving="YES" buildForRunning="YES">
                <BuildableReference BlueprintIdentifier="B7E28F805CD9973E00000000" ReferencedContainer="container:Mediapipe.xcodeproj" BlueprintName="_idx_validated_graph_config_calculator_base_calculator_context_calculator_context_manager_calculator_contract_calculator_registry_util_calculator_state_callback_packet_calculator_cl_etc_7C1AD98D_ios_min10.0" BuildableIdentifier="primary" BuildableName="lib_idx_validated_graph_config_calculator_base_calculator_context_calculator_context_manager_calculator_contract_calculator_registry_util_calculator_state_callback_packet_calculator_cl_etc_7C1AD98D_ios_min10.0.a"></BuildableReference>
            </BuildActionEntry>
            <BuildActionEntry buildForArchiving="YES" buildForRunning="YES" buildForAnalyzing="YES" buildForProfiling="YES" buildForTesting="YES">
                <BuildableReference BlueprintIdentifier="B7E28F805CD9973E00000000" BuildableIdentifier="primary" ReferencedContainer="container:Mediapipe.xcodeproj" BlueprintName="_idx_validated_graph_config_calculator_base_calculator_context_calculator_context_manager_calculator_contract_calculator_registry_util_calculator_state_callback_packet_calculator_cl_etc_7C1AD98D_ios_min10.0" BuildableName="lib_idx_validated_graph_config_calculator_base_calculator_context_calculator_context_manager_calculator_contract_calculator_registry_util_calculator_state_callback_packet_calculator_cl_etc_7C1AD98D_ios_min10.0.a"></BuildableReference>
            </BuildActionEntry>
            <BuildActionEntry buildForProfiling="YES" buildForTesting="YES" buildForAnalyzing="YES" buildForRunning="YES" buildForArchiving="YES">
                <BuildableReference BuildableIdentifier="primary" BlueprintIdentifier="B7E28F8053810A2200000000" BuildableName="lib_idx_mediapipe_layer_renderer_gl_calculator_helper_ios_mediapipe_framework_ios_mediapipe_gl_view_renderer_DFF84B5D_ios_min10.0.a" BlueprintName="_idx_mediapipe_layer_renderer_gl_calculator_helper_ios_mediapipe_framework_ios_mediapipe_gl_view_renderer_DFF84B5D_ios_min10.0" ReferencedContainer="container:Mediapipe.xcodeproj"></BuildableReference>
            </BuildActionEntry>
            <BuildActionEntry buildForAnalyzing="YES" buildForArchiving="YES" buildForTesting="YES" buildForProfiling="YES" buildForRunning="YES">
                <BuildableReference BuildableName="lib_idx_validated_graph_config_calculator_base_calculator_context_calculator_context_manager_calculator_contract_calculator_registry_util_calculator_state_callback_packet_calculator_cl_etc_7C1AD98D_ios_min10.0.a" BuildableIdentifier="primary" ReferencedContainer="container:Mediapipe.xcodeproj" BlueprintIdentifier="B7E28F805CD9973E00000000" BlueprintName="_idx_validated_graph_config_calculator_base_calculator_context_calculator_context_manager_calculator_contract_calculator_registry_util_calculator_state_callback_packet_calculator_cl_etc_7C1AD98D_ios_min10.0"></BuildableReference>
            </BuildActionEntry>
            <BuildActionEntry buildForAnalyzing="YES" buildForTesting="YES" buildForArchiving="YES" buildForProfiling="YES" buildForRunning="YES">
                <BuildableReference BlueprintName="_idx_validated_graph_config_calculator_base_calculator_context_calculator_context_manager_calculator_contract_calculator_registry_util_calculator_state_callback_packet_calculator_cl_etc_7C1AD98D_ios_min10.0" ReferencedContainer="container:Mediapipe.xcodeproj" BlueprintIdentifier="B7E28F805CD9973E00000000" BuildableName="lib_idx_validated_graph_config_calculator_base_calculator_context_calculator_context_manager_calculator_contract_calculator_registry_util_calculator_state_callback_packet_calculator_cl_etc_7C1AD98D_ios_min10.0.a" BuildableIdentifier="primary"></BuildableReference>
            </BuildActionEntry>
            <BuildActionEntry buildForTesting="YES" buildForAnalyzing="YES" buildForArchiving="YES" buildForRunning="YES" buildForProfiling="YES">
                <BuildableReference BuildableName="lib_idx_validated_graph_config_calculator_base_calculator_context_calculator_context_manager_calculator_contract_calculator_registry_util_calculator_state_callback_packet_calculator_cl_etc_7C1AD98D_ios_min10.0.a" BuildableIdentifier="primary" BlueprintIdentifier="B7E28F805CD9973E00000000" BlueprintName="_idx_validated_graph_config_calculator_base_calculator_context_calculator_context_manager_calculator_contract_calculator_registry_util_calculator_state_callback_packet_calculator_cl_etc_7C1AD98D_ios_min10.0" ReferencedContainer="container:Mediapipe.xcodeproj"></BuildableReference>
            </BuildActionEntry>
            <BuildActionEntry buildForArchiving="YES" buildForTesting="YES" buildForAnalyzing="YES" buildForRunning="YES" buildForProfiling="YES">
                <BuildableReference BuildableName="lib_idx_validated_graph_config_calculator_base_calculator_context_calculator_context_manager_calculator_contract_calculator_registry_util_calculator_state_callback_packet_calculator_cl_etc_7C1AD98D_ios_min10.0.a" BuildableIdentifier="primary" BlueprintIdentifier="B7E28F805CD9973E00000000" BlueprintName="_idx_validated_graph_config_calculator_base_calculator_context_calculator_context_manager_calculator_contract_calculator_registry_util_calculator_state_callback_packet_calculator_cl_etc_7C1AD98D_ios_min10.0" ReferencedContainer="container:Mediapipe.xcodeproj"></BuildableReference>
            </BuildActionEntry>
            <BuildActionEntry buildForTesting="YES" buildForRunning="YES" buildForProfiling="YES" buildForArchiving="YES" buildForAnalyzing="YES">
                <BuildableReference BlueprintName="_idx_output_stream_manager_calculator_node_default_input_stream_handler_graph_output_stream_in_order_output_stream_handler_input_stream_handler_output_stream_handler_997A2E1C_ios_min10.0" BuildableIdentifier="primary" ReferencedContainer="container:Mediapipe.xcodeproj" BlueprintIdentifier="B7E28F80947DCA2000000000" BuildableName="lib_idx_output_stream_manager_calculator_node_default_input_stream_handler_graph_output_stream_in_order_output_stream_handler_input_stream_handler_output_stream_handler_997A2E1C_ios_min10.0.a"></BuildableReference>
            </BuildActionEntry>
            <BuildActionEntry buildForRunning="YES" buildForArchiving="YES" buildForAnalyzing="YES" buildForTesting="YES" buildForProfiling="YES">
                <BuildableReference BuildableIdentifier="primary" BlueprintIdentifier="B7E28F80947DCA2000000000" BuildableName="lib_idx_output_stream_manager_calculator_node_default_input_stream_handler_graph_output_stream_in_order_output_stream_handler_input_stream_handler_output_stream_handler_997A2E1C_ios_min10.0.a" ReferencedContainer="container:Mediapipe.xcodeproj" BlueprintName="_idx_output_stream_manager_calculator_node_default_input_stream_handler_graph_output_stream_in_order_output_stream_handler_input_stream_handler_output_stream_handler_997A2E1C_ios_min10.0"></BuildableReference>
            </BuildActionEntry>
            <BuildActionEntry buildForArchiving="YES" buildForAnalyzing="YES" buildForProfiling="YES" buildForTesting="YES" buildForRunning="YES">
                <BuildableReference BuildableName="lib_idx_output_stream_manager_calculator_node_default_input_stream_handler_graph_output_stream_in_order_output_stream_handler_input_stream_handler_output_stream_handler_997A2E1C_ios_min10.0.a" BlueprintIdentifier="B7E28F80947DCA2000000000" BuildableIdentifier="primary" BlueprintName="_idx_output_stream_manager_calculator_node_default_input_stream_handler_graph_output_stream_in_order_output_stream_handler_input_stream_handler_output_stream_handler_997A2E1C_ios_min10.0" ReferencedContainer="container:Mediapipe.xcodeproj"></BuildableReference>
            </BuildActionEntry>
            <BuildActionEntry buildForRunning="YES" buildForArchiving="YES" buildForProfiling="YES" buildForTesting="YES" buildForAnalyzing="YES">
                <BuildableReference BlueprintName="_idx_validated_graph_config_calculator_base_calculator_context_calculator_context_manager_calculator_contract_calculator_registry_util_calculator_state_callback_packet_calculator_cl_etc_7C1AD98D_ios_min10.0" ReferencedContainer="container:Mediapipe.xcodeproj" BuildableName="lib_idx_validated_graph_config_calculator_base_calculator_context_calculator_context_manager_calculator_contract_calculator_registry_util_calculator_state_callback_packet_calculator_cl_etc_7C1AD98D_ios_min10.0.a" BuildableIdentifier="primary" BlueprintIdentifier="B7E28F805CD9973E00000000"></BuildableReference>
            </BuildActionEntry>
            <BuildActionEntry buildForTesting="YES" buildForArchiving="YES" buildForAnalyzing="YES" buildForRunning="YES" buildForProfiling="YES">
                <BuildableReference BlueprintName="_idx_shader_util_gl_quad_renderer_gpu_buffer_format_84BF7823_ios_min10.0" ReferencedContainer="container:Mediapipe.xcodeproj" BlueprintIdentifier="B7E28F80BB46C4E200000000" BuildableName="lib_idx_shader_util_gl_quad_renderer_gpu_buffer_format_84BF7823_ios_min10.0.a" BuildableIdentifier="primary"></BuildableReference>
            </BuildActionEntry>
            <BuildActionEntry buildForAnalyzing="YES" buildForTesting="YES" buildForRunning="YES" buildForProfiling="YES" buildForArchiving="YES">
                <BuildableReference BlueprintIdentifier="B7E28F805CD9973E00000000" BuildableName="lib_idx_validated_graph_config_calculator_base_calculator_context_calculator_context_manager_calculator_contract_calculator_registry_util_calculator_state_callback_packet_calculator_cl_etc_7C1AD98D_ios_min10.0.a" ReferencedContainer="container:Mediapipe.xcodeproj" BuildableIdentifier="primary" BlueprintName="_idx_validated_graph_config_calculator_base_calculator_context_calculator_context_manager_calculator_contract_calculator_registry_util_calculator_state_callback_packet_calculator_cl_etc_7C1AD98D_ios_min10.0"></BuildableReference>
            </BuildActionEntry>
            <BuildActionEntry buildForRunning="YES" buildForTesting="YES" buildForProfiling="YES" buildForAnalyzing="YES" buildForArchiving="YES">
                <BuildableReference BlueprintName="_idx_validated_graph_config_calculator_base_calculator_context_calculator_context_manager_calculator_contract_calculator_registry_util_calculator_state_callback_packet_calculator_cl_etc_7C1AD98D_ios_min10.0" BuildableIdentifier="primary" BlueprintIdentifier="B7E28F805CD9973E00000000" BuildableName="lib_idx_validated_graph_config_calculator_base_calculator_context_calculator_context_manager_calculator_contract_calculator_registry_util_calculator_state_callback_packet_calculator_cl_etc_7C1AD98D_ios_min10.0.a" ReferencedContainer="container:Mediapipe.xcodeproj"></BuildableReference>
            </BuildActionEntry>
            <BuildActionEntry buildForAnalyzing="YES" buildForProfiling="YES" buildForRunning="YES" buildForTesting="YES" buildForArchiving="YES">
                <BuildableReference BlueprintName="_idx_validated_graph_config_calculator_base_calculator_context_calculator_context_manager_calculator_contract_calculator_registry_util_calculator_state_callback_packet_calculator_cl_etc_7C1AD98D_ios_min10.0" BlueprintIdentifier="B7E28F805CD9973E00000000" BuildableName="lib_idx_validated_graph_config_calculator_base_calculator_context_calculator_context_manager_calculator_contract_calculator_registry_util_calculator_state_callback_packet_calculator_cl_etc_7C1AD98D_ios_min10.0.a" ReferencedContainer="container:Mediapipe.xcodeproj" BuildableIdentifier="primary"></BuildableReference>
            </BuildActionEntry>
            <BuildActionEntry buildForProfiling="YES" buildForAnalyzing="YES" buildForRunning="YES" buildForTesting="YES" buildForArchiving="YES">
                <BuildableReference BlueprintName="_idx_mediapipe_layer_renderer_gl_calculator_helper_ios_mediapipe_framework_ios_mediapipe_gl_view_renderer_DFF84B5D_ios_min10.0" ReferencedContainer="container:Mediapipe.xcodeproj" BuildableIdentifier="primary" BlueprintIdentifier="B7E28F8053810A2200000000" BuildableName="lib_idx_mediapipe_layer_renderer_gl_calculator_helper_ios_mediapipe_framework_ios_mediapipe_gl_view_renderer_DFF84B5D_ios_min10.0.a"></BuildableReference>
            </BuildActionEntry>
            <BuildActionEntry buildForArchiving="YES" buildForTesting="YES" buildForRunning="YES" buildForAnalyzing="YES" buildForProfiling="YES">
                <BuildableReference BlueprintName="_idx_sink_calculator_graph_gpu_buffer_multi_pool_D5C77C6B_ios_min10.0" BlueprintIdentifier="B7E28F803E12974600000000" ReferencedContainer="container:Mediapipe.xcodeproj" BuildableIdentifier="primary" BuildableName="lib_idx_sink_calculator_graph_gpu_buffer_multi_pool_D5C77C6B_ios_min10.0.a"></BuildableReference>
            </BuildActionEntry>
            <BuildActionEntry buildForProfiling="YES" buildForAnalyzing="YES" buildForTesting="YES" buildForArchiving="YES" buildForRunning="YES">
                <BuildableReference BlueprintName="_idx_validated_graph_config_calculator_base_calculator_context_calculator_context_manager_calculator_contract_calculator_registry_util_calculator_state_callback_packet_calculator_cl_etc_7C1AD98D_ios_min10.0" ReferencedContainer="container:Mediapipe.xcodeproj" BlueprintIdentifier="B7E28F805CD9973E00000000" BuildableIdentifier="primary" BuildableName="lib_idx_validated_graph_config_calculator_base_calculator_context_calculator_context_manager_calculator_contract_calculator_registry_util_calculator_state_callback_packet_calculator_cl_etc_7C1AD98D_ios_min10.0.a"></BuildableReference>
            </BuildActionEntry>
            <BuildActionEntry buildForTesting="YES" buildForRunning="YES" buildForAnalyzing="YES" buildForProfiling="YES" buildForArchiving="YES">
                <BuildableReference BlueprintName="_idx_validated_graph_config_calculator_base_calculator_context_calculator_context_manager_calculator_contract_calculator_registry_util_calculator_state_callback_packet_calculator_cl_etc_7C1AD98D_ios_min10.0" ReferencedContainer="container:Mediapipe.xcodeproj" BuildableIdentifier="primary" BlueprintIdentifier="B7E28F805CD9973E00000000" BuildableName="lib_idx_validated_graph_config_calculator_base_calculator_context_calculator_context_manager_calculator_contract_calculator_registry_util_calculator_state_callback_packet_calculator_cl_etc_7C1AD98D_ios_min10.0.a"></BuildableReference>
            </BuildActionEntry>
            <BuildActionEntry buildForProfiling="YES" buildForAnalyzing="YES" buildForRunning="YES" buildForArchiving="YES" buildForTesting="YES">
                <BuildableReference BuildableIdentifier="primary" BlueprintName="_idx_validated_graph_config_calculator_base_calculator_context_calculator_context_manager_calculator_contract_calculator_registry_util_calculator_state_callback_packet_calculator_cl_etc_7C1AD98D_ios_min10.0" ReferencedContainer="container:Mediapipe.xcodeproj" BlueprintIdentifier="B7E28F805CD9973E00000000" BuildableName="lib_idx_validated_graph_config_calculator_base_calculator_context_calculator_context_manager_calculator_contract_calculator_registry_util_calculator_state_callback_packet_calculator_cl_etc_7C1AD98D_ios_min10.0.a"></BuildableReference>
            </BuildActionEntry>
            <BuildActionEntry buildForTesting="YES" buildForRunning="YES" buildForProfiling="YES" buildForArchiving="YES" buildForAnalyzing="YES">
                <BuildableReference BuildableIdentifier="primary" BlueprintIdentifier="B7E28F805CD9973E00000000" BlueprintName="_idx_validated_graph_config_calculator_base_calculator_context_calculator_context_manager_calculator_contract_calculator_registry_util_calculator_state_callback_packet_calculator_cl_etc_7C1AD98D_ios_min10.0" ReferencedContainer="container:Mediapipe.xcodeproj" BuildableName="lib_idx_validated_graph_config_calculator_base_calculator_context_calculator_context_manager_calculator_contract_calculator_registry_util_calculator_state_callback_packet_calculator_cl_etc_7C1AD98D_ios_min10.0.a"></BuildableReference>
            </BuildActionEntry>
            <BuildActionEntry buildForRunning="YES" buildForProfiling="YES" buildForArchiving="YES" buildForTesting="YES" buildForAnalyzing="YES">
                <BuildableReference BuildableName="lib_idx_validated_graph_config_calculator_base_calculator_context_calculator_context_manager_calculator_contract_calculator_registry_util_calculator_state_callback_packet_calculator_cl_etc_7C1AD98D_ios_min10.0.a" BlueprintName="_idx_validated_graph_config_calculator_base_calculator_context_calculator_context_manager_calculator_contract_calculator_registry_util_calculator_state_callback_packet_calculator_cl_etc_7C1AD98D_ios_min10.0" BlueprintIdentifier="B7E28F805CD9973E00000000" BuildableIdentifier="primary" ReferencedContainer="container:Mediapipe.xcodeproj"></BuildableReference>
            </BuildActionEntry>
            <BuildActionEntry buildForAnalyzing="YES" buildForProfiling="YES" buildForArchiving="YES" buildForTesting="YES" buildForRunning="YES">
                <BuildableReference BuildableIdentifier="primary" BlueprintIdentifier="B7E28F803E12974600000000" BuildableName="lib_idx_sink_calculator_graph_gpu_buffer_multi_pool_D5C77C6B_ios_min10.0.a" BlueprintName="_idx_sink_calculator_graph_gpu_buffer_multi_pool_D5C77C6B_ios_min10.0" ReferencedContainer="container:Mediapipe.xcodeproj"></BuildableReference>
            </BuildActionEntry>
            <BuildActionEntry buildForAnalyzing="YES" buildForProfiling="YES" buildForArchiving="YES" buildForRunning="YES" buildForTesting="YES">
                <BuildableReference BlueprintName="_idx_validated_graph_config_calculator_base_calculator_context_calculator_context_manager_calculator_contract_calculator_registry_util_calculator_state_callback_packet_calculator_cl_etc_7C1AD98D_ios_min10.0" ReferencedContainer="container:Mediapipe.xcodeproj" BuildableIdentifier="primary" BlueprintIdentifier="B7E28F805CD9973E00000000" BuildableName="lib_idx_validated_graph_config_calculator_base_calculator_context_calculator_context_manager_calculator_contract_calculator_registry_util_calculator_state_callback_packet_calculator_cl_etc_7C1AD98D_ios_min10.0.a"></BuildableReference>
            </BuildActionEntry>
            <BuildActionEntry buildForTesting="YES" buildForRunning="YES" buildForAnalyzing="YES" buildForProfiling="YES" buildForArchiving="YES">
                <BuildableReference ReferencedContainer="container:Mediapipe.xcodeproj" BlueprintIdentifier="B7E28F8053810A2200000000" BuildableIdentifier="primary" BlueprintName="_idx_mediapipe_layer_renderer_gl_calculator_helper_ios_mediapipe_framework_ios_mediapipe_gl_view_renderer_DFF84B5D_ios_min10.0" BuildableName="lib_idx_mediapipe_layer_renderer_gl_calculator_helper_ios_mediapipe_framework_ios_mediapipe_gl_view_renderer_DFF84B5D_ios_min10.0.a"></BuildableReference>
            </BuildActionEntry>
            <BuildActionEntry buildForArchiving="YES" buildForTesting="YES" buildForAnalyzing="YES" buildForRunning="YES" buildForProfiling="YES">
                <BuildableReference BuildableName="lib_idx_validated_graph_config_calculator_base_calculator_context_calculator_context_manager_calculator_contract_calculator_registry_util_calculator_state_callback_packet_calculator_cl_etc_7C1AD98D_ios_min10.0.a" BlueprintName="_idx_validated_graph_config_calculator_base_calculator_context_calculator_context_manager_calculator_contract_calculator_registry_util_calculator_state_callback_packet_calculator_cl_etc_7C1AD98D_ios_min10.0" BuildableIdentifier="primary" BlueprintIdentifier="B7E28F805CD9973E00000000" ReferencedContainer="container:Mediapipe.xcodeproj"></BuildableReference>
            </BuildActionEntry>
            <BuildActionEntry buildForProfiling="YES" buildForRunning="YES" buildForAnalyzing="YES" buildForTesting="YES" buildForArchiving="YES">
                <BuildableReference BlueprintIdentifier="B7E28F805CD9973E00000000" BlueprintName="_idx_validated_graph_config_calculator_base_calculator_context_calculator_context_manager_calculator_contract_calculator_registry_util_calculator_state_callback_packet_calculator_cl_etc_7C1AD98D_ios_min10.0" BuildableIdentifier="primary" BuildableName="lib_idx_validated_graph_config_calculator_base_calculator_context_calculator_context_manager_calculator_contract_calculator_registry_util_calculator_state_callback_packet_calculator_cl_etc_7C1AD98D_ios_min10.0.a" ReferencedContainer="container:Mediapipe.xcodeproj"></BuildableReference>
            </BuildActionEntry>
        </BuildActionEntries>
    </BuildAction>
    <TestAction selectedLauncherIdentifier="Xcode.DebuggerFoundation.Launcher.LLDB" shouldUseLaunchSchemeArgsEnv="YES" selectedDebuggerIdentifier="Xcode.DebuggerFoundation.Debugger.LLDB" buildConfiguration="Debug">
        <Testables></Testables>
    </TestAction>
    <LaunchAction useCustomWorkingDirectory="NO" debugServiceExtension="internal" allowLocationSimulation="YES" buildConfiguration="Debug" launchStyle="0" debugDocumentVersioning="YES" selectedLauncherIdentifier="Xcode.DebuggerFoundation.Launcher.LLDB" ignoresPersistentStateOnLaunch="NO" selectedDebuggerIdentifier="Xcode.DebuggerFoundation.Debugger.LLDB">
        <EnvironmentVariables></EnvironmentVariables>
    </LaunchAction>
    <ProfileAction debugDocumentVersioning="YES" useCustomWorkingDirectory="NO" buildConfiguration="Release" shouldUseLaunchSchemeArgsEnv="YES"></ProfileAction>
    <AnalyzeAction buildConfiguration="Debug"></AnalyzeAction>
    <ArchiveAction revealArchiveInOrganizer="YES" buildConfiguration="Release"></ArchiveAction>
</Scheme>