
<Scheme version="1.3" LastUpgradeVersion="1000">
    <BuildAction buildImplicitDependencies="YES" parallelizeBuildables="YES">
        <BuildActionEntries>
            <BuildActionEntry buildForArchiving="YES" buildForAnalyzing="YES" buildForTesting="YES" buildForProfiling="YES" buildForRunning="YES">
                <BuildableReference ReferencedContainer="container:Mediapipe.xcodeproj" BuildableIdentifier="primary" BlueprintName="FaceDetectionGpuApp" BlueprintIdentifier="C80253E9A0C513EA00000000" BuildableName="FaceDetectionGpuApp.app"></BuildableReference>
            </BuildActionEntry>
        </BuildActionEntries>
        <PreActions>
            <ExecutionAction ActionType="Xcode.IDEStandardExecutionActionsCore.ExecutionActionType.ShellScriptAction">
                <ActionContent scriptText="" title="Run Script">
                    <EnvironmentBuildable>
                        <BuildableReference ReferencedContainer="container:Mediapipe.xcodeproj" BuildableName="FaceDetectionGpuApp.app" BlueprintName="FaceDetectionGpuApp" BuildableIdentifier="primary" BlueprintIdentifier="C80253E9A0C513EA00000000"></BuildableReference>
                    </EnvironmentBuildable>
                </ActionContent>
            </ExecutionAction>
        </PreActions>
        <PostActions>
            <ExecutionAction ActionType="Xcode.IDEStandardExecutionActionsCore.ExecutionActionType.ShellScriptAction">
                <ActionContent scriptText="" title="Run Script">
                    <EnvironmentBuildable>
                        <BuildableReference ReferencedContainer="container:Mediapipe.xcodeproj" BuildableIdentifier="primary" BuildableName="FaceDetectionGpuApp.app" BlueprintIdentifier="C80253E9A0C513EA00000000" BlueprintName="FaceDetectionGpuApp"></BuildableReference>
                    </EnvironmentBuildable>
                </ActionContent>
            </ExecutionAction>
        </PostActions>
    </BuildAction>
    <TestAction selectedLauncherIdentifier="Xcode.DebuggerFoundation.Launcher.LLDB" buildConfiguration="__TulsiTestRunner_Debug" shouldUseLaunchSchemeArgsEnv="YES" selectedDebuggerIdentifier="Xcode.DebuggerFoundation.Debugger.LLDB">
        <Testables></Testables>
        <PreActions>
            <ExecutionAction ActionType="Xcode.IDEStandardExecutionActionsCore.ExecutionActionType.ShellScriptAction">
                <ActionContent title="Run Script" scriptText="">
                    <EnvironmentBuildable>
                        <BuildableReference BlueprintName="FaceDetectionGpuApp" ReferencedContainer="container:Mediapipe.xcodeproj" BuildableIdentifier="primary" BlueprintIdentifier="C80253E9A0C513EA00000000" BuildableName="FaceDetectionGpuApp.app"></BuildableReference>
                    </EnvironmentBuildable>
                </ActionContent>
            </ExecutionAction>
        </PreActions>
        <PostActions>
            <ExecutionAction ActionType="Xcode.IDEStandardExecutionActionsCore.ExecutionActionType.ShellScriptAction">
                <ActionContent title="Run Script" scriptText="">
                    <EnvironmentBuildable>
                        <BuildableReference BlueprintName="FaceDetectionGpuApp" ReferencedContainer="container:Mediapipe.xcodeproj" BuildableIdentifier="primary" BuildableName="FaceDetectionGpuApp.app" BlueprintIdentifier="C80253E9A0C513EA00000000"></BuildableReference>
                    </EnvironmentBuildable>
                </ActionContent>
            </ExecutionAction>
        </PostActions>
        <BuildableProductRunnable runnableDebuggingMode="0">
            <BuildableReference BuildableIdentifier="primary" BlueprintName="FaceDetectionGpuApp" BlueprintIdentifier="C80253E9A0C513EA00000000" BuildableName="FaceDetectionGpuApp.app" ReferencedContainer="container:Mediapipe.xcodeproj"></BuildableReference>
        </BuildableProductRunnable>
    </TestAction>
    <LaunchAction allowLocationSimulation="YES" selectedLauncherIdentifier="Xcode.DebuggerFoundation.Launcher.LLDB" debugServiceExtension="internal" buildConfiguration="Debug" selectedDebuggerIdentifier="Xcode.DebuggerFoundation.Debugger.LLDB" ignoresPersistentStateOnLaunch="NO" useCustomWorkingDirectory="NO" launchStyle="0" debugDocumentVersioning="YES">
        <CommandLineArguments>
            <CommandLineArgument argument="" isEnabled="YES"></CommandLineArgument>
        </CommandLineArguments>
        <EnvironmentVariables></EnvironmentVariables>
        <PreActions>
            <ExecutionAction ActionType="Xcode.IDEStandardExecutionActionsCore.ExecutionActionType.ShellScriptAction">
                <ActionContent title="Run Script" scriptText="">
                    <EnvironmentBuildable>
                        <BuildableReference BuildableIdentifier="primary" ReferencedContainer="container:Mediapipe.xcodeproj" BlueprintName="FaceDetectionGpuApp" BlueprintIdentifier="C80253E9A0C513EA00000000" BuildableName="FaceDetectionGpuApp.app"></BuildableReference>
                    </EnvironmentBuildable>
                </ActionContent>
            </ExecutionAction>
        </PreActions>
        <PostActions>
            <ExecutionAction ActionType="Xcode.IDEStandardExecutionActionsCore.ExecutionActionType.ShellScriptAction">
                <ActionContent title="Run Script" scriptText="">
                    <EnvironmentBuildable>
                        <BuildableReference BlueprintName="FaceDetectionGpuApp" ReferencedContainer="container:Mediapipe.xcodeproj" BuildableIdentifier="primary" BlueprintIdentifier="C80253E9A0C513EA00000000" BuildableName="FaceDetectionGpuApp.app"></BuildableReference>
                    </EnvironmentBuildable>
                </ActionContent>
            </ExecutionAction>
        </PostActions>
        <BuildableProductRunnable runnableDebuggingMode="0">
            <BuildableReference BlueprintIdentifier="C80253E9A0C513EA00000000" BuildableName="FaceDetectionGpuApp.app" BuildableIdentifier="primary" ReferencedContainer="container:Mediapipe.xcodeproj" BlueprintName="FaceDetectionGpuApp"></BuildableReference>
        </BuildableProductRunnable>
    </LaunchAction>
    <ProfileAction shouldUseLaunchSchemeArgsEnv="YES" debugDocumentVersioning="YES" useCustomWorkingDirectory="NO" buildConfiguration="__TulsiTestRunner_Release">
        <BuildableProductRunnable runnableDebuggingMode="0">
            <BuildableReference BlueprintName="FaceDetectionGpuApp" BlueprintIdentifier="C80253E9A0C513EA00000000" BuildableName="FaceDetectionGpuApp.app" BuildableIdentifier="primary" ReferencedContainer="container:Mediapipe.xcodeproj"></BuildableReference>
        </BuildableProductRunnable>
    </ProfileAction>
    <AnalyzeAction buildConfiguration="Debug"></AnalyzeAction>
    <ArchiveAction revealArchiveInOrganizer="YES" buildConfiguration="Release"></ArchiveAction>
</Scheme>